<?xml version="1.0" encoding="utf-8"?>
<Project ToolsVersion="4.0" xmlns="http://schemas.microsoft.com/developer/msbuild/2003">
  <ItemGroup>
    <Filter Include="Form Files">
      <UniqueIdentifier>{99349809-55BA-4b9d-BF79-8FDBB0286EB3}</UniqueIdentifier>
      <Extensions>ui</Extensions>
      <ParseFiles>false</ParseFiles>
    </Filter>
    <Filter Include="Form Files">
      <UniqueIdentifier>{99349809-55BA-4b9d-BF79-8FDBB0286EB3}</UniqueIdentifier>
      <Extensions>ui</Extensions>
      <ParseFiles>false</ParseFiles>
    </Filter>
    <Filter Include="Generated Files">
      <UniqueIdentifier>{71ED8ED8-ACB9-4CE9-BBE1-E00B30144E11}</UniqueIdentifier>
      <Extensions>cpp;c;cxx;moc;h;def;odl;idl;res;</Extensions>
    </Filter>
    <Filter Include="Generated Files">
      <UniqueIdentifier>{71ED8ED8-ACB9-4CE9-BBE1-E00B30144E11}</UniqueIdentifier>
      <Extensions>cpp;c;cxx;moc;h;def;odl;idl;res;</Extensions>
    </Filter>
    <Filter Include="Header Files">
      <UniqueIdentifier>{93995380-89BD-4b04-88EB-625FBE52EBFB}</UniqueIdentifier>
      <Extensions>h;hpp;hxx;hm;inl;inc;xsd</Extensions>
    </Filter>
    <Filter Include="Header Files">
      <UniqueIdentifier>{93995380-89BD-4b04-88EB-625FBE52EBFB}</UniqueIdentifier>
      <Extensions>h;hpp;hxx;hm;inl;inc;xsd</Extensions>
    </Filter>
    <Filter Include="Resource Files">
      <UniqueIdentifier>{D9D6E242-F8AF-46E4-B9FD-80ECBC20BA3E}</UniqueIdentifier>
      <Extensions>qrc;*</Extensions>
      <ParseFiles>false</ParseFiles>
    </Filter>
    <Filter Include="Resource Files">
      <UniqueIdentifier>{D9D6E242-F8AF-46E4-B9FD-80ECBC20BA3E}</UniqueIdentifier>
      <Extensions>qrc;*</Extensions>
      <ParseFiles>false</ParseFiles>
    </Filter>
    <Filter Include="Source Files">
      <UniqueIdentifier>{4FC737F1-C7A5-4376-A066-2A32D752A2FF}</UniqueIdentifier>
      <Extensions>cpp;c;cxx;def;odl;idl;hpj;bat;asm;asmx</Extensions>
    </Filter>
    <Filter Include="Source Files">
      <UniqueIdentifier>{4FC737F1-C7A5-4376-A066-2A32D752A2FF}</UniqueIdentifier>
      <Extensions>cpp;c;cxx;def;odl;idl;hpj;bat;asm;asmx</Extensions>
    </Filter>
  </ItemGroup>
  <ItemGroup>
    <ClCompile Include="render_rfx.cpp">
      <Filter>Source Files</Filter>
    </ClCompile>
    <ClCompile Include="rfx_colorbox.cpp">
      <Filter>Source Files</Filter>
    </ClCompile>
    <ClCompile Include="plugins\rfx_dds.cpp">
      <Filter>Source Files</Filter>
    </ClCompile>
    <ClCompile Include="rfx_dialog.cpp">
      <Filter>Source Files</Filter>
    </ClCompile>
    <ClCompile Include="rfx_glpass.cpp">
      <Filter>Source Files</Filter>
    </ClCompile>
    <ClCompile Include="rfx_parser.cpp">
      <Filter>Source Files</Filter>
    </ClCompile>
    <ClCompile Include="plugins\rfx_qimage.cpp">
      <Filter>Source Files</Filter>
    </ClCompile>
    <ClCompile Include="rfx_rendertarget.cpp">
      <Filter>Source Files</Filter>
    </ClCompile>
    <ClCompile Include="rfx_shader.cpp">
      <Filter>Source Files</Filter>
    </ClCompile>
    <ClCompile Include="rfx_specialattribute.cpp">
      <Filter>Source Files</Filter>
    </ClCompile>
    <ClCompile Include="rfx_specialuniform.cpp">
      <Filter>Source Files</Filter>
    </ClCompile>
    <ClCompile Include="rfx_state.cpp">
      <Filter>Source Files</Filter>
    </ClCompile>
    <ClCompile Include="rfx_textureloader.cpp">
      <Filter>Source Files</Filter>
    </ClCompile>
    <ClCompile Include="plugins\rfx_tga.cpp">
      <Filter>Source Files</Filter>
    </ClCompile>
    <ClCompile Include="rfx_uniform.cpp">
      <Filter>Source Files</Filter>
    </ClCompile>
  </ItemGroup>
  <ItemGroup>
    <CustomBuild Include="render_rfx.h">
      <Filter>Header Files</Filter>
    </CustomBuild>
    <CustomBuild Include="rfx_colorbox.h">
      <Filter>Header Files</Filter>
    </CustomBuild>
    <ClInclude Include="plugins\rfx_dds.h">
      <Filter>Header Files</Filter>
    </ClInclude>
    <CustomBuild Include="rfx_dialog.h">
      <Filter>Header Files</Filter>
    </CustomBuild>
    <ClInclude Include="rfx_glpass.h">
      <Filter>Header Files</Filter>
    </ClInclude>
    <ClInclude Include="rfx_parser.h">
      <Filter>Header Files</Filter>
    </ClInclude>
    <ClInclude Include="plugins\rfx_qimage.h">
      <Filter>Header Files</Filter>
    </ClInclude>
    <ClInclude Include="rfx_rendertarget.h">
      <Filter>Header Files</Filter>
    </ClInclude>
    <ClInclude Include="rfx_shader.h">
      <Filter>Header Files</Filter>
    </ClInclude>
    <ClInclude Include="rfx_specialattribute.h">
      <Filter>Header Files</Filter>
    </ClInclude>
    <ClInclude Include="rfx_specialuniform.h">
      <Filter>Header Files</Filter>
    </ClInclude>
    <ClInclude Include="rfx_state.h">
      <Filter>Header Files</Filter>
    </ClInclude>
    <ClInclude Include="rfx_textureloader.h">
      <Filter>Header Files</Filter>
    </ClInclude>
    <ClInclude Include="plugins\rfx_tga.h">
      <Filter>Header Files</Filter>
    </ClInclude>
    <ClInclude Include="rfx_uniform.h">
      <Filter>Header Files</Filter>
    </ClInclude>
  </ItemGroup>
  <ItemGroup>
    <ClCompile Include="debug\moc_render_rfx.cpp">
      <Filter>Generated Files</Filter>
    </ClCompile>
    <ClCompile Include="release\moc_render_rfx.cpp">
      <Filter>Generated Files</Filter>
    </ClCompile>
    <ClCompile Include="debug\moc_rfx_colorbox.cpp">
      <Filter>Generated Files</Filter>
    </ClCompile>
    <ClCompile Include="release\moc_rfx_colorbox.cpp">
      <Filter>Generated Files</Filter>
    </ClCompile>
    <ClCompile Include="debug\moc_rfx_dialog.cpp">
      <Filter>Generated Files</Filter>
    </ClCompile>
    <ClCompile Include="release\moc_rfx_dialog.cpp">
      <Filter>Generated Files</Filter>
    </ClCompile>
    <ClCompile Include="debug\qrc_render_rfx.cpp">
      <Filter>Generated Files</Filter>
    </ClCompile>
    <ClCompile Include="release\qrc_render_rfx.cpp">
      <Filter>Generated Files</Filter>
    </ClCompile>
    <ClInclude Include="ui_rfx_dialog.h">
      <Filter>Generated Files</Filter>
    </ClInclude>
  </ItemGroup>
  <ItemGroup>
    <CustomBuild Include="rfx_dialog.ui">
      <Filter>Form Files</Filter>
    </CustomBuild>
  </ItemGroup>
  <ItemGroup>
    <CustomBuild Include="render_rfx.qrc">
      <Filter>Resource Files</Filter>
    </CustomBuild>
    <None Include="images\scacchiera.png">
      <Filter>Resource Files</Filter>
    </None>
  </ItemGroup>
</Project>