<?xml version="1.0" encoding="utf-8"?>
<Project ToolsVersion="4.0" xmlns="http://schemas.microsoft.com/developer/msbuild/2003">
  <ItemGroup>
    <Filter Include="Form Files">
      <UniqueIdentifier>{99349809-55BA-4b9d-BF79-8FDBB0286EB3}</UniqueIdentifier>
      <Extensions>ui</Extensions>
      <ParseFiles>false</ParseFiles>
    </Filter>
    <Filter Include="Form Files">
      <UniqueIdentifier>{99349809-55BA-4b9d-BF79-8FDBB0286EB3}</UniqueIdentifier>
      <Extensions>ui</Extensions>
      <ParseFiles>false</ParseFiles>
    </Filter>
    <Filter Include="Generated Files">
      <UniqueIdentifier>{71ED8ED8-ACB9-4CE9-BBE1-E00B30144E11}</UniqueIdentifier>
      <Extensions>cpp;c;cxx;moc;h;def;odl;idl;res;</Extensions>
    </Filter>
    <Filter Include="Generated Files">
      <UniqueIdentifier>{71ED8ED8-ACB9-4CE9-BBE1-E00B30144E11}</UniqueIdentifier>
      <Extensions>cpp;c;cxx;moc;h;def;odl;idl;res;</Extensions>
    </Filter>
    <Filter Include="Header Files">
      <UniqueIdentifier>{93995380-89BD-4b04-88EB-625FBE52EBFB}</UniqueIdentifier>
      <Extensions>h;hpp;hxx;hm;inl;inc;xsd</Extensions>
    </Filter>
    <Filter Include="Header Files">
      <UniqueIdentifier>{93995380-89BD-4b04-88EB-625FBE52EBFB}</UniqueIdentifier>
      <Extensions>h;hpp;hxx;hm;inl;inc;xsd</Extensions>
    </Filter>
    <Filter Include="Resource Files">
      <UniqueIdentifier>{D9D6E242-F8AF-46E4-B9FD-80ECBC20BA3E}</UniqueIdentifier>
      <Extensions>qrc;*</Extensions>
      <ParseFiles>false</ParseFiles>
    </Filter>
    <Filter Include="Resource Files">
      <UniqueIdentifier>{D9D6E242-F8AF-46E4-B9FD-80ECBC20BA3E}</UniqueIdentifier>
      <Extensions>qrc;*</Extensions>
      <ParseFiles>false</ParseFiles>
    </Filter>
    <Filter Include="Source Files">
      <UniqueIdentifier>{4FC737F1-C7A5-4376-A066-2A32D752A2FF}</UniqueIdentifier>
      <Extensions>cpp;c;cxx;def;odl;idl;hpj;bat;asm;asmx</Extensions>
    </Filter>
    <Filter Include="Source Files">
      <UniqueIdentifier>{4FC737F1-C7A5-4376-A066-2A32D752A2FF}</UniqueIdentifier>
      <Extensions>cpp;c;cxx;def;odl;idl;hpj;bat;asm;asmx</Extensions>
    </Filter>
    <Filter Include="Generated Files\Debug">
      <UniqueIdentifier>{2fc22385-718e-41c2-bfa4-e800f994fd81}</UniqueIdentifier>
      <Extensions>cpp;moc</Extensions>
      <SourceControlFiles>False</SourceControlFiles>
    </Filter>
    <Filter Include="Generated Files\Release">
      <UniqueIdentifier>{40859431-ffc1-4d3c-bb88-3f500469ae80}</UniqueIdentifier>
      <Extensions>cpp;moc</Extensions>
      <SourceControlFiles>False</SourceControlFiles>
    </Filter>
  </ItemGroup>
  <ItemGroup>
    <ClCompile Include="additionalgui.cpp">
      <Filter>Source Files</Filter>
    </ClCompile>
    <ClCompile Include="changetexturename.cpp">
      <Filter>Source Files</Filter>
    </ClCompile>
    <ClCompile Include="customDialog.cpp">
      <Filter>Source Files</Filter>
    </ClCompile>
    <ClCompile Include="filterScriptDialog.cpp">
      <Filter>Source Files</Filter>
    </ClCompile>
    <ClCompile Include="filterthread.cpp">
      <Filter>Source Files</Filter>
    </ClCompile>
    <ClCompile Include="glarea.cpp">
      <Filter>Source Files</Filter>
    </ClCompile>
    <ClCompile Include="glarea_setting.cpp">
      <Filter>Source Files</Filter>
    </ClCompile>
    <ClCompile Include="layerDialog.cpp">
      <Filter>Source Files</Filter>
    </ClCompile>
    <ClCompile Include="main.cpp">
      <Filter>Source Files</Filter>
    </ClCompile>
    <ClCompile Include="mainwindow_Init.cpp">
      <Filter>Source Files</Filter>
    </ClCompile>
    <ClCompile Include="mainwindow_RunTime.cpp">
      <Filter>Source Files</Filter>
    </ClCompile>
    <ClCompile Include="multiViewer_Container.cpp">
      <Filter>Source Files</Filter>
    </ClCompile>
    <ClCompile Include="plugindialog.cpp">
      <Filter>Source Files</Filter>
    </ClCompile>
    <ClCompile Include="rendermodeactions.cpp">
      <Filter>Source Files</Filter>
    </ClCompile>
    <ClCompile Include="saveSnapshotDialog.cpp">
      <Filter>Source Files</Filter>
    </ClCompile>
    <ClCompile Include="savemaskexporter.cpp">
      <Filter>Source Files</Filter>
    </ClCompile>
    <ClCompile Include="stdpardialog.cpp">
      <Filter>Source Files</Filter>
    </ClCompile>
    <ClCompile Include="..\..\..\vcglib\wrap\gui\trackball.cpp">
      <Filter>Source Files</Filter>
    </ClCompile>
    <ClCompile Include="..\..\..\vcglib\wrap\gui\trackmode.cpp">
      <Filter>Source Files</Filter>
    </ClCompile>
    <ClCompile Include="xmlgeneratorgui.cpp">
      <Filter>Source Files</Filter>
    </ClCompile>
    <ClCompile Include="xmlstdpardialog.cpp">
      <Filter>Source Files</Filter>
    </ClCompile>
    <ClCompile Include="Debug\moc_additionalgui.cpp">
      <Filter>Generated Files\Debug</Filter>
    </ClCompile>
    <ClCompile Include="Release\moc_additionalgui.cpp">
      <Filter>Generated Files\Release</Filter>
    </ClCompile>
    <ClCompile Include="Debug\moc_changetexturename.cpp">
      <Filter>Generated Files\Debug</Filter>
    </ClCompile>
    <ClCompile Include="Release\moc_changetexturename.cpp">
      <Filter>Generated Files\Release</Filter>
    </ClCompile>
    <ClCompile Include="Debug\moc_customDialog.cpp">
      <Filter>Generated Files\Debug</Filter>
    </ClCompile>
    <ClCompile Include="Release\moc_customDialog.cpp">
      <Filter>Generated Files\Release</Filter>
    </ClCompile>
    <ClCompile Include="Debug\moc_filterScriptDialog.cpp">
      <Filter>Generated Files\Debug</Filter>
    </ClCompile>
    <ClCompile Include="Release\moc_filterScriptDialog.cpp">
      <Filter>Generated Files\Release</Filter>
    </ClCompile>
    <ClCompile Include="Debug\moc_filterthread.cpp">
      <Filter>Generated Files\Debug</Filter>
    </ClCompile>
    <ClCompile Include="Release\moc_filterthread.cpp">
      <Filter>Generated Files\Release</Filter>
    </ClCompile>
    <ClCompile Include="Debug\moc_glarea.cpp">
      <Filter>Generated Files\Debug</Filter>
    </ClCompile>
    <ClCompile Include="Release\moc_glarea.cpp">
      <Filter>Generated Files\Release</Filter>
    </ClCompile>
    <ClCompile Include="Debug\moc_interfaces.cpp">
      <Filter>Generated Files\Debug</Filter>
    </ClCompile>
    <ClCompile Include="Release\moc_interfaces.cpp">
      <Filter>Generated Files\Release</Filter>
    </ClCompile>
    <ClCompile Include="Debug\moc_layerDialog.cpp">
      <Filter>Generated Files\Debug</Filter>
    </ClCompile>
    <ClCompile Include="Release\moc_layerDialog.cpp">
      <Filter>Generated Files\Release</Filter>
    </ClCompile>
    <ClCompile Include="Debug\moc_mainwindow.cpp">
      <Filter>Generated Files\Debug</Filter>
    </ClCompile>
    <ClCompile Include="Release\moc_mainwindow.cpp">
      <Filter>Generated Files\Release</Filter>
    </ClCompile>
    <ClCompile Include="Debug\moc_multiViewer_Container.cpp">
      <Filter>Generated Files\Debug</Filter>
    </ClCompile>
    <ClCompile Include="Release\moc_multiViewer_Container.cpp">
      <Filter>Generated Files\Release</Filter>
    </ClCompile>
    <ClCompile Include="Debug\moc_plugindialog.cpp">
      <Filter>Generated Files\Debug</Filter>
    </ClCompile>
    <ClCompile Include="Release\moc_plugindialog.cpp">
      <Filter>Generated Files\Release</Filter>
    </ClCompile>
    <ClCompile Include="Debug\moc_rendermodeactions.cpp">
      <Filter>Generated Files\Debug</Filter>
    </ClCompile>
    <ClCompile Include="Release\moc_rendermodeactions.cpp">
      <Filter>Generated Files\Release</Filter>
    </ClCompile>
    <ClCompile Include="Debug\moc_saveSnapshotDialog.cpp">
      <Filter>Generated Files\Debug</Filter>
    </ClCompile>
    <ClCompile Include="Release\moc_saveSnapshotDialog.cpp">
      <Filter>Generated Files\Release</Filter>
    </ClCompile>
    <ClCompile Include="Debug\moc_savemaskexporter.cpp">
      <Filter>Generated Files\Debug</Filter>
    </ClCompile>
    <ClCompile Include="Release\moc_savemaskexporter.cpp">
      <Filter>Generated Files\Release</Filter>
    </ClCompile>
    <ClCompile Include="Debug\moc_stdpardialog.cpp">
      <Filter>Generated Files\Debug</Filter>
    </ClCompile>
    <ClCompile Include="Release\moc_stdpardialog.cpp">
      <Filter>Generated Files\Release</Filter>
    </ClCompile>
    <ClCompile Include="Debug\moc_xmlgeneratorgui.cpp">
      <Filter>Generated Files\Debug</Filter>
    </ClCompile>
    <ClCompile Include="Release\moc_xmlgeneratorgui.cpp">
      <Filter>Generated Files\Release</Filter>
    </ClCompile>
    <ClCompile Include="Debug\moc_xmlstdpardialog.cpp">
      <Filter>Generated Files\Debug</Filter>
    </ClCompile>
    <ClCompile Include="Release\moc_xmlstdpardialog.cpp">
      <Filter>Generated Files\Release</Filter>
    </ClCompile>
    <ClCompile Include="GeneratedFiles\qrc_meshlab.cpp">
      <Filter>Generated Files</Filter>
    </ClCompile>
  </ItemGroup>
  <ItemGroup>
    <CustomBuild Include="additionalgui.h">
      <Filter>Header Files</Filter>
    </CustomBuild>
    <CustomBuild Include="changetexturename.h">
      <Filter>Header Files</Filter>
    </CustomBuild>
    <CustomBuild Include="customDialog.h">
      <Filter>Header Files</Filter>
    </CustomBuild>
    <CustomBuild Include="filterScriptDialog.h">
      <Filter>Header Files</Filter>
    </CustomBuild>
    <CustomBuild Include="filterthread.h">
      <Filter>Header Files</Filter>
    </CustomBuild>
    <CustomBuild Include="glarea.h">
      <Filter>Header Files</Filter>
    </CustomBuild>
    <ClInclude Include="glarea_setting.h">
      <Filter>Header Files</Filter>
    </ClInclude>
    <CustomBuild Include="..\common\interfaces.h">
      <Filter>Header Files</Filter>
    </CustomBuild>
    <CustomBuild Include="layerDialog.h">
      <Filter>Header Files</Filter>
    </CustomBuild>
    <CustomBuild Include="mainwindow.h">
      <Filter>Header Files</Filter>
    </CustomBuild>
    <CustomBuild Include="multiViewer_Container.h">
      <Filter>Header Files</Filter>
    </CustomBuild>
    <CustomBuild Include="plugindialog.h">
      <Filter>Header Files</Filter>
    </CustomBuild>
    <CustomBuild Include="rendermodeactions.h">
      <Filter>Header Files</Filter>
    </CustomBuild>
    <CustomBuild Include="saveSnapshotDialog.h">
      <Filter>Header Files</Filter>
    </CustomBuild>
    <CustomBuild Include="savemaskexporter.h">
      <Filter>Header Files</Filter>
    </CustomBuild>
    <ClInclude Include="snapshotsetting.h">
      <Filter>Header Files</Filter>
    </ClInclude>
    <CustomBuild Include="stdpardialog.h">
      <Filter>Header Files</Filter>
    </CustomBuild>
    <ClInclude Include="..\..\..\vcglib\wrap\gui\trackball.h">
      <Filter>Header Files</Filter>
    </ClInclude>
    <ClInclude Include="..\..\..\vcglib\wrap\gui\trackmode.h">
      <Filter>Header Files</Filter>
    </ClInclude>
    <ClInclude Include="..\..\..\vcglib\wrap\gl\trimesh.h">
      <Filter>Header Files</Filter>
    </ClInclude>
    <CustomBuild Include="xmlgeneratorgui.h">
      <Filter>Header Files</Filter>
    </CustomBuild>
    <CustomBuild Include="xmlstdpardialog.h">
      <Filter>Header Files</Filter>
    </CustomBuild>
  </ItemGroup>
  <ItemGroup>
    <CustomBuild Include="ui\aboutDialog.ui">
      <Filter>Form Files</Filter>
    </CustomBuild>
    <CustomBuild Include="ui\congratsDialog.ui">
      <Filter>Form Files</Filter>
    </CustomBuild>
    <CustomBuild Include="ui\customDialog.ui">
      <Filter>Form Files</Filter>
    </CustomBuild>
    <CustomBuild Include="ui\filterScriptDialog.ui">
      <Filter>Form Files</Filter>
    </CustomBuild>
    <CustomBuild Include="ui\filtercreatortab.ui">
      <Filter>Form Files</Filter>
    </CustomBuild>
    <CustomBuild Include="ui\filtergui.ui">
      <Filter>Form Files</Filter>
    </CustomBuild>
    <CustomBuild Include="ui\layerDialog.ui">
      <Filter>Form Files</Filter>
    </CustomBuild>
    <CustomBuild Include="ui\renametexture.ui">
      <Filter>Form Files</Filter>
    </CustomBuild>
    <CustomBuild Include="ui\savemaskexporter.ui">
      <Filter>Form Files</Filter>
    </CustomBuild>
    <CustomBuild Include="ui\savesnapshotDialog.ui">
      <Filter>Form Files</Filter>
    </CustomBuild>
  </ItemGroup>
  <ItemGroup>
    <None Include="images\100mesh.html">
      <Filter>Resource Files</Filter>
    </None>
    <None Include="images\backlines.png">
      <Filter>Resource Files</Filter>
    </None>
    <None Include="images\bbox.png">
      <Filter>Resource Files</Filter>
    </None>
    <None Include="images\dummy.png">
      <Filter>Resource Files</Filter>
    </None>
    <None Include="images\eye48.png">
      <Filter>Resource Files</Filter>
    </None>
    <None Include="images\eye_256_splash.png">
      <Filter>Resource Files</Filter>
    </None>
    <None Include="images\facebook.gif">
      <Filter>Resource Files</Filter>
    </None>
    <None Include="images\flat.png">
      <Filter>Resource Files</Filter>
    </None>
    <None Include="images\flatlines.png">
      <Filter>Resource Files</Filter>
    </None>
    <None Include="images\import_mesh.png">
      <Filter>Resource Files</Filter>
    </None>
    <None Include="images\info.png">
      <Filter>Resource Files</Filter>
    </None>
    <None Include="images\layer_edit_locked.png">
      <Filter>Resource Files</Filter>
    </None>
    <None Include="images\layer_edit_unlocked.png">
      <Filter>Resource Files</Filter>
    </None>
    <None Include="images\layer_eye_close.png">
      <Filter>Resource Files</Filter>
    </None>
    <None Include="images\layer_eye_open.png">
      <Filter>Resource Files</Filter>
    </None>
    <None Include="images\layers.png">
      <Filter>Resource Files</Filter>
    </None>
    <None Include="images\lightoff.png">
      <Filter>Resource Files</Filter>
    </None>
    <None Include="images\lighton.png">
      <Filter>Resource Files</Filter>
    </None>
    <None Include="images\logo.png">
      <Filter>Resource Files</Filter>
    </None>
    <None Include="images\logo_aimatshape.png">
      <Filter>Resource Files</Filter>
    </None>
    <None Include="images\logo_epoch.png">
      <Filter>Resource Files</Filter>
    </None>
    <None Include="images\logo_epoch_2.png">
      <Filter>Resource Files</Filter>
    </None>
    <None Include="..\common\script_system\math.js">
      <Filter>Resource Files</Filter>
    </None>
    <CustomBuild Include="meshlab.qrc">
      <Filter>Resource Files</Filter>
    </CustomBuild>
    <None Include="..\common\script_system\meshlabfilterXMLspecificationformat.xsd">
      <Filter>Resource Files</Filter>
    </None>
    <None Include="images\new_project.png">
      <Filter>Resource Files</Filter>
    </None>
    <None Include="images\no_edit.png">
      <Filter>Resource Files</Filter>
    </None>
    <None Include="images\ok.png">
      <Filter>Resource Files</Filter>
    </None>
    <None Include="images\onscreenHelp.txt">
      <Filter>Resource Files</Filter>
    </None>
    <None Include="images\open.png">
      <Filter>Resource Files</Filter>
    </None>
    <None Include="images\open_project.png">
      <Filter>Resource Files</Filter>
    </None>
    <None Include="images\cursors\plain.png">
      <Filter>Resource Files</Filter>
    </None>
    <None Include="images\cursors\plain_pan.png">
      <Filter>Resource Files</Filter>
    </None>
    <None Include="images\cursors\plain_pick.png">
      <Filter>Resource Files</Filter>
    </None>
    <None Include="images\cursors\plain_trackball.png">
      <Filter>Resource Files</Filter>
    </None>
    <None Include="images\cursors\plain_zoom.png">
      <Filter>Resource Files</Filter>
    </None>
    <None Include="images\points.png">
      <Filter>Resource Files</Filter>
    </None>
    <None Include="images\reload.png">
      <Filter>Resource Files</Filter>
    </None>
    <None Include="images\save.png">
      <Filter>Resource Files</Filter>
    </None>
    <None Include="images\search.png">
      <Filter>Resource Files</Filter>
    </None>
    <None Include="images\selected_face.png">
      <Filter>Resource Files</Filter>
    </None>
    <None Include="images\selected_vert.png">
      <Filter>Resource Files</Filter>
    </None>
    <None Include="images\smooth.png">
      <Filter>Resource Files</Filter>
    </None>
    <None Include="images\snapshot.png">
      <Filter>Resource Files</Filter>
    </None>
    <None Include="images\splitH.png">
      <Filter>Resource Files</Filter>
    </None>
    <None Include="images\splitV.png">
      <Filter>Resource Files</Filter>
    </None>
    <None Include="images\stop.png">
      <Filter>Resource Files</Filter>
    </None>
    <None Include="images\textures.png">
      <Filter>Resource Files</Filter>
    </None>
    <None Include="images\view_raster.png">
      <Filter>Resource Files</Filter>
    </None>
    <None Include="images\wire.png">
      <Filter>Resource Files</Filter>
    </None>
  </ItemGroup>
  <ItemGroup>
    <ResourceCompile Include="meshlab.rc" />
  </ItemGroup>
  <ItemGroup>
    <ClInclude Include="GeneratedFiles\ui_aboutDialog.h">
      <Filter>Generated Files</Filter>
    </ClInclude>
    <ClInclude Include="GeneratedFiles\ui_congratsDialog.h">
      <Filter>Generated Files</Filter>
    </ClInclude>
    <ClInclude Include="GeneratedFiles\ui_customDialog.h">
      <Filter>Generated Files</Filter>
    </ClInclude>
    <ClInclude Include="GeneratedFiles\ui_filterScriptDialog.h">
      <Filter>Generated Files</Filter>
    </ClInclude>
    <ClInclude Include="GeneratedFiles\ui_filtercreatortab.h">
      <Filter>Generated Files</Filter>
    </ClInclude>
    <ClInclude Include="GeneratedFiles\ui_filtergui.h">
      <Filter>Generated Files</Filter>
    </ClInclude>
    <ClInclude Include="GeneratedFiles\ui_layerDialog.h">
      <Filter>Generated Files</Filter>
    </ClInclude>
    <ClInclude Include="GeneratedFiles\ui_renametexture.h">
      <Filter>Generated Files</Filter>
    </ClInclude>
    <ClInclude Include="GeneratedFiles\ui_savemaskexporter.h">
      <Filter>Generated Files</Filter>
    </ClInclude>
    <ClInclude Include="GeneratedFiles\ui_savesnapshotDialog.h">
      <Filter>Generated Files</Filter>
    </ClInclude>
  </ItemGroup>
</Project>